<?xml version="1.0" encoding="utf-8"?>
<Project ToolsVersion="4.0" xmlns="http://schemas.microsoft.com/developer/msbuild/2003">
  <ItemGroup>
    <Filter Include="Source Files">
      <UniqueIdentifier>{4FC737F1-C7A5-4376-A066-2A32D752A2FF}</UniqueIdentifier>
      <Extensions>cpp;c;cc;cxx;def;odl;idl;hpj;bat;asm;asmx</Extensions>
    </Filter>
    <Filter Include="Resource Files">
      <UniqueIdentifier>{67DA6AB6-F800-4c08-8B7A-83BB121AAD01}</UniqueIdentifier>
      <Extensions>rc;ico;cur;bmp;dlg;rc2;rct;bin;rgs;gif;jpg;jpeg;jpe;resx;tiff;tif;png;wav;mfcribbon-ms</Extensions>
    </Filter>
    <Filter Include="Maths">
      <UniqueIdentifier>{02977288-943e-4407-89ff-d8cfdc685b14}</UniqueIdentifier>
    </Filter>
    <Filter Include="Rasteriser">
      <UniqueIdentifier>{7a3ef7dc-36d2-469a-8c1f-5e2dd55ec3ff}</UniqueIdentifier>
    </Filter>
    <Filter Include="Header Files">
      <UniqueIdentifier>{93995380-89BD-4b04-88EB-625FBE52EBFB}</UniqueIdentifier>
      <Extensions>h;hpp;hxx;hm;inl;inc;xsd</Extensions>
    </Filter>
    <Filter Include="Input">
      <UniqueIdentifier>{7bb53fc4-adb1-45ea-96fe-3a9628147374}</UniqueIdentifier>
    </Filter>
  </ItemGroup>
  <ItemGroup>
    <ClCompile Include="Matrix4.cpp">
      <Filter>Maths</Filter>
    </ClCompile>
    <ClCompile Include="Vector3.cpp">
      <Filter>Maths</Filter>
    </ClCompile>
    <ClCompile Include="Vector4.cpp">
      <Filter>Maths</Filter>
    </ClCompile>
    <ClCompile Include="SoftwareRasteriser.cpp">
      <Filter>Rasteriser</Filter>
    </ClCompile>
    <ClCompile Include="main.cpp">
      <Filter>Source Files</Filter>
    </ClCompile>
    <ClCompile Include="Mesh.cpp">
      <Filter>Rasteriser</Filter>
    </ClCompile>
    <ClCompile Include="RenderObject.cpp">
      <Filter>Rasteriser</Filter>
    </ClCompile>
    <ClCompile Include="Texture.cpp">
      <Filter>Rasteriser</Filter>
    </ClCompile>
    <ClCompile Include="Keyboard.cpp">
      <Filter>Input</Filter>
    </ClCompile>
    <ClCompile Include="Mouse.cpp">
      <Filter>Input</Filter>
    </ClCompile>
    <ClCompile Include="Window.cpp">
      <Filter>Rasteriser</Filter>
    </ClCompile>
    <ClCompile Include="Colour.cpp">
      <Filter>Rasteriser</Filter>
    </ClCompile>
    <ClCompile Include="StarField.cpp">
      <Filter>Source Files</Filter>
    </ClCompile>
    <ClCompile Include="Asteroid.cpp">
      <Filter>Source Files</Filter>
    </ClCompile>
    <ClCompile Include="SpaceShip.cpp">
      <Filter>Source Files</Filter>
    </ClCompile>
  </ItemGroup>
  <ItemGroup>
    <ClInclude Include="Matrix4.h">
      <Filter>Maths</Filter>
    </ClInclude>
    <ClInclude Include="Vector2.h">
      <Filter>Maths</Filter>
    </ClInclude>
    <ClInclude Include="Vector3.h">
      <Filter>Maths</Filter>
    </ClInclude>
    <ClInclude Include="Vector4.h">
      <Filter>Maths</Filter>
    </ClInclude>
    <ClInclude Include="Common.h">
      <Filter>Maths</Filter>
    </ClInclude>
    <ClInclude Include="SoftwareRasteriser.h">
      <Filter>Rasteriser</Filter>
    </ClInclude>
    <ClInclude Include="Mesh.h">
      <Filter>Rasteriser</Filter>
    </ClInclude>
    <ClInclude Include="RenderObject.h">
      <Filter>Rasteriser</Filter>
    </ClInclude>
    <ClInclude Include="Texture.h">
      <Filter>Rasteriser</Filter>
    </ClInclude>
    <ClInclude Include="InputDevice.h">
      <Filter>Input</Filter>
    </ClInclude>
    <ClInclude Include="Keyboard.h">
      <Filter>Input</Filter>
    </ClInclude>
    <ClInclude Include="Mouse.h">
      <Filter>Input</Filter>
    </ClInclude>
    <ClInclude Include="Window.h">
      <Filter>Rasteriser</Filter>
    </ClInclude>
    <ClInclude Include="Colour.h">
      <Filter>Rasteriser</Filter>
    </ClInclude>
    <ClInclude Include="StarField.h">
      <Filter>Header Files</Filter>
    </ClInclude>
    <ClInclude Include="Asteroid.h">
      <Filter>Header Files</Filter>
    </ClInclude>
    <ClInclude Include="SpaceShip.h">
      <Filter>Header Files</Filter>
    </ClInclude>
  </ItemGroup>
</Project>